
Microsoft Visual Studio Solution File, Format Version 12.00
# Visual Studio Version 16
VisualStudioVersion = 16.0.30204.135
MinimumVisualStudioVersion = 10.0.40219.1
Project("{2150E333-8FDC-42A3-9474-1A3956D46DE8}") = "Other_Sem_2", "Other_Sem_2", "{376367C0-85B6-4A95-812D-C2594B39CFDF}"
EndProject
Project("{FAE04EC0-301F-11D3-BF4B-00C04F79EFBC}") = "YouAreReallyDumb", "Other_Sem_2\YouAreReallyDumb\YouAreReallyDumb.csproj", "{FD8815F2-F3A8-4653-829D-468204D194BB}"
EndProject
Project("{FAE04EC0-301F-11D3-BF4B-00C04F79EFBC}") = "Shooting", "Other_Sem_2\Shooting\Shooting.csproj", "{5C40D8C5-9FE1-4F3A-A8B7-49E3E8307BAA}"
EndProject
Project("{FAE04EC0-301F-11D3-BF4B-00C04F79EFBC}") = "PuzzleAddition", "Other_Sem_2\PuzzleAddition\PuzzleAddition.csproj", "{09795B24-F102-406F-8442-1AAFD3120D73}"
EndProject
Project("{FAE04EC0-301F-11D3-BF4B-00C04F79EFBC}") = "Puzzle", "Other_Sem_2\Puzzle\Puzzle.csproj", "{0F4BCDE3-FF71-45D5-95A9-F2095B382B9B}"
EndProject
Project("{FAE04EC0-301F-11D3-BF4B-00C04F79EFBC}") = "KR_4", "Other_Sem_2\KR_4\KR_4.csproj", "{73E0AEFC-9BDE-4409-A875-A08F6BF291DA}"
EndProject
Project("{FAE04EC0-301F-11D3-BF4B-00C04F79EFBC}") = "Flags", "Other_Sem_2\Flags\Flags.csproj", "{03F8622F-1398-49E1-AC4F-DDCC81130EBE}"
EndProject
Project("{FAE04EC0-301F-11D3-BF4B-00C04F79EFBC}") = "Events", "Other_Sem_2\Events\Events.csproj", "{D01DFFE4-894C-4ECA-881C-7E54EFEFA3FC}"
EndProject
Project("{FAE04EC0-301F-11D3-BF4B-00C04F79EFBC}") = "Calculator", "Other_Sem_2\Calculator\Calculator.csproj", "{203A7484-E7DB-4F33-BA59-BA032E34B272}"
EndProject
Project("{2150E333-8FDC-42A3-9474-1A3956D46DE8}") = "Labs_Sem_2", "Labs_Sem_2", "{564F7A06-7A4C-4A42-9C23-21F83A6613C6}"
EndProject
Project("{FAE04EC0-301F-11D3-BF4B-00C04F79EFBC}") = "XML", "Labs_Sem_2\XML\XML.csproj", "{CF29D3BC-C018-4968-BF59-B0034172782B}"
EndProject
Project("{FAE04EC0-301F-11D3-BF4B-00C04F79EFBC}") = "Threads_CS", "Labs_Sem_2\Threads_CS\Threads_CS.csproj", "{C9141469-76DC-429E-AABB-EF06B90CEA13}"
EndProject
Project("{FAE04EC0-301F-11D3-BF4B-00C04F79EFBC}") = "Ships", "Labs_Sem_2\Ships\Ships.csproj", "{7E6648C8-772B-499E-A983-B6952A730B9C}"
EndProject
Project("{FAE04EC0-301F-11D3-BF4B-00C04F79EFBC}") = "Fraction", "Labs_Sem_2\Fraction\Fraction.csproj", "{3855C225-407D-4C73-A558-423061443AD0}"
EndProject
Project("{FAE04EC0-301F-11D3-BF4B-00C04F79EFBC}") = "BST", "Labs_Sem_2\BST\BST.csproj", "{C9F31E22-12CB-464A-B605-9B6F9D249B23}"
EndProject
Project("{FAE04EC0-301F-11D3-BF4B-00C04F79EFBC}") = "Animals", "Labs_Sem_2\Animals\Animals.csproj", "{959025D3-3DE4-4E75-BD5F-316F5F4371F5}"
EndProject
Project("{2150E333-8FDC-42A3-9474-1A3956D46DE8}") = "Labs_Sem_1", "Labs_Sem_1", "{91E63E80-3A04-4BEC-9DA3-8F084555E9CE}"
EndProject
Project("{2150E333-8FDC-42A3-9474-1A3956D46DE8}") = "Other_Sem_1", "Other_Sem_1", "{1D5D8087-1B60-46D8-B633-F46E02440FA3}"
EndProject
Project("{8BC9CEB8-8B4A-11D0-8D11-00A0C91BC942}") = "Lab_1", "Labs_Sem_1\Lab_1\Lab_1.vcxproj", "{57AB99D4-FA46-44C1-9E9F-843509BD7EA4}"
EndProject
Project("{8BC9CEB8-8B4A-11D0-8D11-00A0C91BC942}") = "Lab_2", "Labs_Sem_1\Lab_2\Lab_2.vcxproj", "{DF627DB8-D93C-464D-AA2C-2D6CCCD8CE60}"
EndProject
Project("{8BC9CEB8-8B4A-11D0-8D11-00A0C91BC942}") = "Lab_3", "Labs_Sem_1\Lab_3\Lab_3.vcxproj", "{BADBB82B-76B8-4CC0-A34D-8DF0B3E33296}"
EndProject
Project("{8BC9CEB8-8B4A-11D0-8D11-00A0C91BC942}") = "Lab_4", "Labs_Sem_1\Lab_4\Lab_4.vcxproj", "{4CCABF61-6D53-4F27-A25C-71D8CAAF2A40}"
EndProject
Project("{8BC9CEB8-8B4A-11D0-8D11-00A0C91BC942}") = "Lab_5", "Labs_Sem_1\Lab_5\Lab_5.vcxproj", "{B17B3ED1-49F5-4F26-B3B3-8961967A403A}"
EndProject
Project("{8BC9CEB8-8B4A-11D0-8D11-00A0C91BC942}") = "Lab_6", "Labs_Sem_1\Lab_6\Lab_6.vcxproj", "{A2418064-32D2-4B56-8FEA-AD38FF813EAC}"
EndProject
Project("{8BC9CEB8-8B4A-11D0-8D11-00A0C91BC942}") = "BST", "Other_Sem_1\BST\BST.vcxproj", "{17084680-397D-4E0A-89E3-E8258A86F2AF}"
EndProject
Project("{8BC9CEB8-8B4A-11D0-8D11-00A0C91BC942}") = "Deque", "Other_Sem_1\Deque\Deque.vcxproj", "{4C0BC1ED-6CF7-47DA-9F79-49F256EA18F1}"
EndProject
Project("{8BC9CEB8-8B4A-11D0-8D11-00A0C91BC942}") = "Dijkstra", "Other_Sem_1\Dijkstra\Dijkstra.vcxproj", "{5D62C8DA-2203-488A-B98A-5116EFA97E9F}"
EndProject
Project("{8BC9CEB8-8B4A-11D0-8D11-00A0C91BC942}") = "Drinks", "Other_Sem_1\Drinks\Drinks.vcxproj", "{45E33332-AF43-4110-A140-B2369F60DEB4}"
EndProject
Project("{8BC9CEB8-8B4A-11D0-8D11-00A0C91BC942}") = "Fraction", "Other_Sem_1\Fraction\Fraction.vcxproj", "{15DA315B-4FE0-4204-AD39-01489F00140D}"
EndProject
Project("{8BC9CEB8-8B4A-11D0-8D11-00A0C91BC942}") = "Money", "Other_Sem_1\Money\Money.vcxproj", "{5DF29463-EFCA-4261-98FB-F067C7572FCA}"
EndProject
Project("{8BC9CEB8-8B4A-11D0-8D11-00A0C91BC942}") = "Person", "Other_Sem_1\Person\Person.vcxproj", "{15E0E897-460D-4D55-BBC2-6075757E4255}"
EndProject
Project("{8BC9CEB8-8B4A-11D0-8D11-00A0C91BC942}") = "TimeSpan", "Other_Sem_1\TimeSpan\TimeSpan.vcxproj", "{6336DC7C-52BB-461A-9AC2-12987C89963D}"
EndProject
Project("{8BC9CEB8-8B4A-11D0-8D11-00A0C91BC942}") = "Volume", "Other_Sem_1\Volume\Volume.vcxproj", "{8280303B-5E39-46FC-8A78-7862AA812236}"
EndProject
Project("{8BC9CEB8-8B4A-11D0-8D11-00A0C91BC942}") = "Weights", "Other_Sem_1\Weights\Weights.vcxproj", "{29601F96-DF72-4218-BF9B-F9A0184710A1}"
EndProject
Global
	GlobalSection(SolutionConfigurationPlatforms) = preSolution
		Debug|Any CPU = Debug|Any CPU
		Debug|x64 = Debug|x64
		Debug|x86 = Debug|x86
		Release|Any CPU = Release|Any CPU
		Release|x64 = Release|x64
		Release|x86 = Release|x86
	EndGlobalSection
	GlobalSection(ProjectConfigurationPlatforms) = postSolution
		{FD8815F2-F3A8-4653-829D-468204D194BB}.Debug|Any CPU.ActiveCfg = Debug|Any CPU
		{FD8815F2-F3A8-4653-829D-468204D194BB}.Debug|Any CPU.Build.0 = Debug|Any CPU
		{FD8815F2-F3A8-4653-829D-468204D194BB}.Debug|x64.ActiveCfg = Debug|Any CPU
		{FD8815F2-F3A8-4653-829D-468204D194BB}.Debug|x64.Build.0 = Debug|Any CPU
		{FD8815F2-F3A8-4653-829D-468204D194BB}.Debug|x86.ActiveCfg = Debug|Any CPU
		{FD8815F2-F3A8-4653-829D-468204D194BB}.Debug|x86.Build.0 = Debug|Any CPU
		{FD8815F2-F3A8-4653-829D-468204D194BB}.Release|Any CPU.ActiveCfg = Release|Any CPU
		{FD8815F2-F3A8-4653-829D-468204D194BB}.Release|Any CPU.Build.0 = Release|Any CPU
		{FD8815F2-F3A8-4653-829D-468204D194BB}.Release|x64.ActiveCfg = Release|Any CPU
		{FD8815F2-F3A8-4653-829D-468204D194BB}.Release|x64.Build.0 = Release|Any CPU
		{FD8815F2-F3A8-4653-829D-468204D194BB}.Release|x86.ActiveCfg = Release|Any CPU
		{FD8815F2-F3A8-4653-829D-468204D194BB}.Release|x86.Build.0 = Release|Any CPU
		{5C40D8C5-9FE1-4F3A-A8B7-49E3E8307BAA}.Debug|Any CPU.ActiveCfg = Debug|Any CPU
		{5C40D8C5-9FE1-4F3A-A8B7-49E3E8307BAA}.Debug|Any CPU.Build.0 = Debug|Any CPU
		{5C40D8C5-9FE1-4F3A-A8B7-49E3E8307BAA}.Debug|x64.ActiveCfg = Debug|Any CPU
		{5C40D8C5-9FE1-4F3A-A8B7-49E3E8307BAA}.Debug|x64.Build.0 = Debug|Any CPU
		{5C40D8C5-9FE1-4F3A-A8B7-49E3E8307BAA}.Debug|x86.ActiveCfg = Debug|Any CPU
		{5C40D8C5-9FE1-4F3A-A8B7-49E3E8307BAA}.Debug|x86.Build.0 = Debug|Any CPU
		{5C40D8C5-9FE1-4F3A-A8B7-49E3E8307BAA}.Release|Any CPU.ActiveCfg = Release|Any CPU
		{5C40D8C5-9FE1-4F3A-A8B7-49E3E8307BAA}.Release|Any CPU.Build.0 = Release|Any CPU
		{5C40D8C5-9FE1-4F3A-A8B7-49E3E8307BAA}.Release|x64.ActiveCfg = Release|Any CPU
		{5C40D8C5-9FE1-4F3A-A8B7-49E3E8307BAA}.Release|x64.Build.0 = Release|Any CPU
		{5C40D8C5-9FE1-4F3A-A8B7-49E3E8307BAA}.Release|x86.ActiveCfg = Release|Any CPU
		{5C40D8C5-9FE1-4F3A-A8B7-49E3E8307BAA}.Release|x86.Build.0 = Release|Any CPU
		{09795B24-F102-406F-8442-1AAFD3120D73}.Debug|Any CPU.ActiveCfg = Debug|Any CPU
		{09795B24-F102-406F-8442-1AAFD3120D73}.Debug|Any CPU.Build.0 = Debug|Any CPU
		{09795B24-F102-406F-8442-1AAFD3120D73}.Debug|x64.ActiveCfg = Debug|Any CPU
		{09795B24-F102-406F-8442-1AAFD3120D73}.Debug|x64.Build.0 = Debug|Any CPU
		{09795B24-F102-406F-8442-1AAFD3120D73}.Debug|x86.ActiveCfg = Debug|Any CPU
		{09795B24-F102-406F-8442-1AAFD3120D73}.Debug|x86.Build.0 = Debug|Any CPU
		{09795B24-F102-406F-8442-1AAFD3120D73}.Release|Any CPU.ActiveCfg = Release|Any CPU
		{09795B24-F102-406F-8442-1AAFD3120D73}.Release|Any CPU.Build.0 = Release|Any CPU
		{09795B24-F102-406F-8442-1AAFD3120D73}.Release|x64.ActiveCfg = Release|Any CPU
		{09795B24-F102-406F-8442-1AAFD3120D73}.Release|x64.Build.0 = Release|Any CPU
		{09795B24-F102-406F-8442-1AAFD3120D73}.Release|x86.ActiveCfg = Release|Any CPU
		{09795B24-F102-406F-8442-1AAFD3120D73}.Release|x86.Build.0 = Release|Any CPU
		{0F4BCDE3-FF71-45D5-95A9-F2095B382B9B}.Debug|Any CPU.ActiveCfg = Debug|Any CPU
		{0F4BCDE3-FF71-45D5-95A9-F2095B382B9B}.Debug|Any CPU.Build.0 = Debug|Any CPU
		{0F4BCDE3-FF71-45D5-95A9-F2095B382B9B}.Debug|x64.ActiveCfg = Debug|Any CPU
		{0F4BCDE3-FF71-45D5-95A9-F2095B382B9B}.Debug|x64.Build.0 = Debug|Any CPU
		{0F4BCDE3-FF71-45D5-95A9-F2095B382B9B}.Debug|x86.ActiveCfg = Debug|Any CPU
		{0F4BCDE3-FF71-45D5-95A9-F2095B382B9B}.Debug|x86.Build.0 = Debug|Any CPU
		{0F4BCDE3-FF71-45D5-95A9-F2095B382B9B}.Release|Any CPU.ActiveCfg = Release|Any CPU
		{0F4BCDE3-FF71-45D5-95A9-F2095B382B9B}.Release|Any CPU.Build.0 = Release|Any CPU
		{0F4BCDE3-FF71-45D5-95A9-F2095B382B9B}.Release|x64.ActiveCfg = Release|Any CPU
		{0F4BCDE3-FF71-45D5-95A9-F2095B382B9B}.Release|x64.Build.0 = Release|Any CPU
		{0F4BCDE3-FF71-45D5-95A9-F2095B382B9B}.Release|x86.ActiveCfg = Release|Any CPU
		{0F4BCDE3-FF71-45D5-95A9-F2095B382B9B}.Release|x86.Build.0 = Release|Any CPU
		{73E0AEFC-9BDE-4409-A875-A08F6BF291DA}.Debug|Any CPU.ActiveCfg = Debug|Any CPU
		{73E0AEFC-9BDE-4409-A875-A08F6BF291DA}.Debug|Any CPU.Build.0 = Debug|Any CPU
		{73E0AEFC-9BDE-4409-A875-A08F6BF291DA}.Debug|x64.ActiveCfg = Debug|Any CPU
		{73E0AEFC-9BDE-4409-A875-A08F6BF291DA}.Debug|x64.Build.0 = Debug|Any CPU
		{73E0AEFC-9BDE-4409-A875-A08F6BF291DA}.Debug|x86.ActiveCfg = Debug|Any CPU
		{73E0AEFC-9BDE-4409-A875-A08F6BF291DA}.Debug|x86.Build.0 = Debug|Any CPU
		{73E0AEFC-9BDE-4409-A875-A08F6BF291DA}.Release|Any CPU.ActiveCfg = Release|Any CPU
		{73E0AEFC-9BDE-4409-A875-A08F6BF291DA}.Release|Any CPU.Build.0 = Release|Any CPU
		{73E0AEFC-9BDE-4409-A875-A08F6BF291DA}.Release|x64.ActiveCfg = Release|Any CPU
		{73E0AEFC-9BDE-4409-A875-A08F6BF291DA}.Release|x64.Build.0 = Release|Any CPU
		{73E0AEFC-9BDE-4409-A875-A08F6BF291DA}.Release|x86.ActiveCfg = Release|Any CPU
		{73E0AEFC-9BDE-4409-A875-A08F6BF291DA}.Release|x86.Build.0 = Release|Any CPU
		{03F8622F-1398-49E1-AC4F-DDCC81130EBE}.Debug|Any CPU.ActiveCfg = Debug|Any CPU
		{03F8622F-1398-49E1-AC4F-DDCC81130EBE}.Debug|Any CPU.Build.0 = Debug|Any CPU
		{03F8622F-1398-49E1-AC4F-DDCC81130EBE}.Debug|x64.ActiveCfg = Debug|Any CPU
		{03F8622F-1398-49E1-AC4F-DDCC81130EBE}.Debug|x64.Build.0 = Debug|Any CPU
		{03F8622F-1398-49E1-AC4F-DDCC81130EBE}.Debug|x86.ActiveCfg = Debug|Any CPU
		{03F8622F-1398-49E1-AC4F-DDCC81130EBE}.Debug|x86.Build.0 = Debug|Any CPU
		{03F8622F-1398-49E1-AC4F-DDCC81130EBE}.Release|Any CPU.ActiveCfg = Release|Any CPU
		{03F8622F-1398-49E1-AC4F-DDCC81130EBE}.Release|Any CPU.Build.0 = Release|Any CPU
		{03F8622F-1398-49E1-AC4F-DDCC81130EBE}.Release|x64.ActiveCfg = Release|Any CPU
		{03F8622F-1398-49E1-AC4F-DDCC81130EBE}.Release|x64.Build.0 = Release|Any CPU
		{03F8622F-1398-49E1-AC4F-DDCC81130EBE}.Release|x86.ActiveCfg = Release|Any CPU
		{03F8622F-1398-49E1-AC4F-DDCC81130EBE}.Release|x86.Build.0 = Release|Any CPU
		{D01DFFE4-894C-4ECA-881C-7E54EFEFA3FC}.Debug|Any CPU.ActiveCfg = Debug|Any CPU
		{D01DFFE4-894C-4ECA-881C-7E54EFEFA3FC}.Debug|Any CPU.Build.0 = Debug|Any CPU
		{D01DFFE4-894C-4ECA-881C-7E54EFEFA3FC}.Debug|x64.ActiveCfg = Debug|Any CPU
		{D01DFFE4-894C-4ECA-881C-7E54EFEFA3FC}.Debug|x64.Build.0 = Debug|Any CPU
		{D01DFFE4-894C-4ECA-881C-7E54EFEFA3FC}.Debug|x86.ActiveCfg = Debug|Any CPU
		{D01DFFE4-894C-4ECA-881C-7E54EFEFA3FC}.Debug|x86.Build.0 = Debug|Any CPU
		{D01DFFE4-894C-4ECA-881C-7E54EFEFA3FC}.Release|Any CPU.ActiveCfg = Release|Any CPU
		{D01DFFE4-894C-4ECA-881C-7E54EFEFA3FC}.Release|Any CPU.Build.0 = Release|Any CPU
		{D01DFFE4-894C-4ECA-881C-7E54EFEFA3FC}.Release|x64.ActiveCfg = Release|Any CPU
		{D01DFFE4-894C-4ECA-881C-7E54EFEFA3FC}.Release|x64.Build.0 = Release|Any CPU
		{D01DFFE4-894C-4ECA-881C-7E54EFEFA3FC}.Release|x86.ActiveCfg = Release|Any CPU
		{D01DFFE4-894C-4ECA-881C-7E54EFEFA3FC}.Release|x86.Build.0 = Release|Any CPU
		{203A7484-E7DB-4F33-BA59-BA032E34B272}.Debug|Any CPU.ActiveCfg = Debug|Any CPU
		{203A7484-E7DB-4F33-BA59-BA032E34B272}.Debug|Any CPU.Build.0 = Debug|Any CPU
		{203A7484-E7DB-4F33-BA59-BA032E34B272}.Debug|x64.ActiveCfg = Debug|Any CPU
		{203A7484-E7DB-4F33-BA59-BA032E34B272}.Debug|x64.Build.0 = Debug|Any CPU
		{203A7484-E7DB-4F33-BA59-BA032E34B272}.Debug|x86.ActiveCfg = Debug|Any CPU
		{203A7484-E7DB-4F33-BA59-BA032E34B272}.Debug|x86.Build.0 = Debug|Any CPU
		{203A7484-E7DB-4F33-BA59-BA032E34B272}.Release|Any CPU.ActiveCfg = Release|Any CPU
		{203A7484-E7DB-4F33-BA59-BA032E34B272}.Release|Any CPU.Build.0 = Release|Any CPU
		{203A7484-E7DB-4F33-BA59-BA032E34B272}.Release|x64.ActiveCfg = Release|Any CPU
		{203A7484-E7DB-4F33-BA59-BA032E34B272}.Release|x64.Build.0 = Release|Any CPU
		{203A7484-E7DB-4F33-BA59-BA032E34B272}.Release|x86.ActiveCfg = Release|Any CPU
		{203A7484-E7DB-4F33-BA59-BA032E34B272}.Release|x86.Build.0 = Release|Any CPU
		{CF29D3BC-C018-4968-BF59-B0034172782B}.Debug|Any CPU.ActiveCfg = Debug|Any CPU
		{CF29D3BC-C018-4968-BF59-B0034172782B}.Debug|Any CPU.Build.0 = Debug|Any CPU
		{CF29D3BC-C018-4968-BF59-B0034172782B}.Debug|x64.ActiveCfg = Debug|Any CPU
		{CF29D3BC-C018-4968-BF59-B0034172782B}.Debug|x64.Build.0 = Debug|Any CPU
		{CF29D3BC-C018-4968-BF59-B0034172782B}.Debug|x86.ActiveCfg = Debug|Any CPU
		{CF29D3BC-C018-4968-BF59-B0034172782B}.Debug|x86.Build.0 = Debug|Any CPU
		{CF29D3BC-C018-4968-BF59-B0034172782B}.Release|Any CPU.ActiveCfg = Release|Any CPU
		{CF29D3BC-C018-4968-BF59-B0034172782B}.Release|Any CPU.Build.0 = Release|Any CPU
		{CF29D3BC-C018-4968-BF59-B0034172782B}.Release|x64.ActiveCfg = Release|Any CPU
		{CF29D3BC-C018-4968-BF59-B0034172782B}.Release|x64.Build.0 = Release|Any CPU
		{CF29D3BC-C018-4968-BF59-B0034172782B}.Release|x86.ActiveCfg = Release|Any CPU
		{CF29D3BC-C018-4968-BF59-B0034172782B}.Release|x86.Build.0 = Release|Any CPU
		{C9141469-76DC-429E-AABB-EF06B90CEA13}.Debug|Any CPU.ActiveCfg = Debug|Any CPU
		{C9141469-76DC-429E-AABB-EF06B90CEA13}.Debug|Any CPU.Build.0 = Debug|Any CPU
		{C9141469-76DC-429E-AABB-EF06B90CEA13}.Debug|x64.ActiveCfg = Debug|Any CPU
		{C9141469-76DC-429E-AABB-EF06B90CEA13}.Debug|x64.Build.0 = Debug|Any CPU
		{C9141469-76DC-429E-AABB-EF06B90CEA13}.Debug|x86.ActiveCfg = Debug|Any CPU
		{C9141469-76DC-429E-AABB-EF06B90CEA13}.Debug|x86.Build.0 = Debug|Any CPU
		{C9141469-76DC-429E-AABB-EF06B90CEA13}.Release|Any CPU.ActiveCfg = Release|Any CPU
		{C9141469-76DC-429E-AABB-EF06B90CEA13}.Release|Any CPU.Build.0 = Release|Any CPU
		{C9141469-76DC-429E-AABB-EF06B90CEA13}.Release|x64.ActiveCfg = Release|Any CPU
		{C9141469-76DC-429E-AABB-EF06B90CEA13}.Release|x64.Build.0 = Release|Any CPU
		{C9141469-76DC-429E-AABB-EF06B90CEA13}.Release|x86.ActiveCfg = Release|Any CPU
		{C9141469-76DC-429E-AABB-EF06B90CEA13}.Release|x86.Build.0 = Release|Any CPU
		{7E6648C8-772B-499E-A983-B6952A730B9C}.Debug|Any CPU.ActiveCfg = Debug|Any CPU
		{7E6648C8-772B-499E-A983-B6952A730B9C}.Debug|Any CPU.Build.0 = Debug|Any CPU
		{7E6648C8-772B-499E-A983-B6952A730B9C}.Debug|x64.ActiveCfg = Debug|Any CPU
		{7E6648C8-772B-499E-A983-B6952A730B9C}.Debug|x64.Build.0 = Debug|Any CPU
		{7E6648C8-772B-499E-A983-B6952A730B9C}.Debug|x86.ActiveCfg = Debug|Any CPU
		{7E6648C8-772B-499E-A983-B6952A730B9C}.Debug|x86.Build.0 = Debug|Any CPU
		{7E6648C8-772B-499E-A983-B6952A730B9C}.Release|Any CPU.ActiveCfg = Release|Any CPU
		{7E6648C8-772B-499E-A983-B6952A730B9C}.Release|Any CPU.Build.0 = Release|Any CPU
		{7E6648C8-772B-499E-A983-B6952A730B9C}.Release|x64.ActiveCfg = Release|Any CPU
		{7E6648C8-772B-499E-A983-B6952A730B9C}.Release|x64.Build.0 = Release|Any CPU
		{7E6648C8-772B-499E-A983-B6952A730B9C}.Release|x86.ActiveCfg = Release|Any CPU
		{7E6648C8-772B-499E-A983-B6952A730B9C}.Release|x86.Build.0 = Release|Any CPU
		{3855C225-407D-4C73-A558-423061443AD0}.Debug|Any CPU.ActiveCfg = Debug|Any CPU
		{3855C225-407D-4C73-A558-423061443AD0}.Debug|Any CPU.Build.0 = Debug|Any CPU
		{3855C225-407D-4C73-A558-423061443AD0}.Debug|x64.ActiveCfg = Debug|Any CPU
		{3855C225-407D-4C73-A558-423061443AD0}.Debug|x64.Build.0 = Debug|Any CPU
		{3855C225-407D-4C73-A558-423061443AD0}.Debug|x86.ActiveCfg = Debug|Any CPU
		{3855C225-407D-4C73-A558-423061443AD0}.Debug|x86.Build.0 = Debug|Any CPU
		{3855C225-407D-4C73-A558-423061443AD0}.Release|Any CPU.ActiveCfg = Release|Any CPU
		{3855C225-407D-4C73-A558-423061443AD0}.Release|Any CPU.Build.0 = Release|Any CPU
		{3855C225-407D-4C73-A558-423061443AD0}.Release|x64.ActiveCfg = Release|Any CPU
		{3855C225-407D-4C73-A558-423061443AD0}.Release|x64.Build.0 = Release|Any CPU
		{3855C225-407D-4C73-A558-423061443AD0}.Release|x86.ActiveCfg = Release|Any CPU
		{3855C225-407D-4C73-A558-423061443AD0}.Release|x86.Build.0 = Release|Any CPU
		{C9F31E22-12CB-464A-B605-9B6F9D249B23}.Debug|Any CPU.ActiveCfg = Debug|Any CPU
		{C9F31E22-12CB-464A-B605-9B6F9D249B23}.Debug|Any CPU.Build.0 = Debug|Any CPU
		{C9F31E22-12CB-464A-B605-9B6F9D249B23}.Debug|x64.ActiveCfg = Debug|Any CPU
		{C9F31E22-12CB-464A-B605-9B6F9D249B23}.Debug|x64.Build.0 = Debug|Any CPU
		{C9F31E22-12CB-464A-B605-9B6F9D249B23}.Debug|x86.ActiveCfg = Debug|Any CPU
		{C9F31E22-12CB-464A-B605-9B6F9D249B23}.Debug|x86.Build.0 = Debug|Any CPU
		{C9F31E22-12CB-464A-B605-9B6F9D249B23}.Release|Any CPU.ActiveCfg = Release|Any CPU
		{C9F31E22-12CB-464A-B605-9B6F9D249B23}.Release|Any CPU.Build.0 = Release|Any CPU
		{C9F31E22-12CB-464A-B605-9B6F9D249B23}.Release|x64.ActiveCfg = Release|Any CPU
		{C9F31E22-12CB-464A-B605-9B6F9D249B23}.Release|x64.Build.0 = Release|Any CPU
		{C9F31E22-12CB-464A-B605-9B6F9D249B23}.Release|x86.ActiveCfg = Release|Any CPU
		{C9F31E22-12CB-464A-B605-9B6F9D249B23}.Release|x86.Build.0 = Release|Any CPU
		{959025D3-3DE4-4E75-BD5F-316F5F4371F5}.Debug|Any CPU.ActiveCfg = Debug|Any CPU
		{959025D3-3DE4-4E75-BD5F-316F5F4371F5}.Debug|Any CPU.Build.0 = Debug|Any CPU
		{959025D3-3DE4-4E75-BD5F-316F5F4371F5}.Debug|x64.ActiveCfg = Debug|Any CPU
		{959025D3-3DE4-4E75-BD5F-316F5F4371F5}.Debug|x64.Build.0 = Debug|Any CPU
		{959025D3-3DE4-4E75-BD5F-316F5F4371F5}.Debug|x86.ActiveCfg = Debug|Any CPU
		{959025D3-3DE4-4E75-BD5F-316F5F4371F5}.Debug|x86.Build.0 = Debug|Any CPU
		{959025D3-3DE4-4E75-BD5F-316F5F4371F5}.Release|Any CPU.ActiveCfg = Release|Any CPU
		{959025D3-3DE4-4E75-BD5F-316F5F4371F5}.Release|Any CPU.Build.0 = Release|Any CPU
		{959025D3-3DE4-4E75-BD5F-316F5F4371F5}.Release|x64.ActiveCfg = Release|Any CPU
		{959025D3-3DE4-4E75-BD5F-316F5F4371F5}.Release|x64.Build.0 = Release|Any CPU
		{959025D3-3DE4-4E75-BD5F-316F5F4371F5}.Release|x86.ActiveCfg = Release|Any CPU
		{959025D3-3DE4-4E75-BD5F-316F5F4371F5}.Release|x86.Build.0 = Release|Any CPU
		{57AB99D4-FA46-44C1-9E9F-843509BD7EA4}.Debug|Any CPU.ActiveCfg = Debug|Win32
		{57AB99D4-FA46-44C1-9E9F-843509BD7EA4}.Debug|x64.ActiveCfg = Debug|x64
		{57AB99D4-FA46-44C1-9E9F-843509BD7EA4}.Debug|x64.Build.0 = Debug|x64
		{57AB99D4-FA46-44C1-9E9F-843509BD7EA4}.Debug|x86.ActiveCfg = Debug|Win32
		{57AB99D4-FA46-44C1-9E9F-843509BD7EA4}.Debug|x86.Build.0 = Debug|Win32
		{57AB99D4-FA46-44C1-9E9F-843509BD7EA4}.Release|Any CPU.ActiveCfg = Release|Win32
		{57AB99D4-FA46-44C1-9E9F-843509BD7EA4}.Release|x64.ActiveCfg = Release|x64
		{57AB99D4-FA46-44C1-9E9F-843509BD7EA4}.Release|x64.Build.0 = Release|x64
		{57AB99D4-FA46-44C1-9E9F-843509BD7EA4}.Release|x86.ActiveCfg = Release|Win32
		{57AB99D4-FA46-44C1-9E9F-843509BD7EA4}.Release|x86.Build.0 = Release|Win32
		{DF627DB8-D93C-464D-AA2C-2D6CCCD8CE60}.Debug|Any CPU.ActiveCfg = Debug|Win32
		{DF627DB8-D93C-464D-AA2C-2D6CCCD8CE60}.Debug|x64.ActiveCfg = Debug|x64
		{DF627DB8-D93C-464D-AA2C-2D6CCCD8CE60}.Debug|x64.Build.0 = Debug|x64
		{DF627DB8-D93C-464D-AA2C-2D6CCCD8CE60}.Debug|x86.ActiveCfg = Debug|Win32
		{DF627DB8-D93C-464D-AA2C-2D6CCCD8CE60}.Debug|x86.Build.0 = Debug|Win32
		{DF627DB8-D93C-464D-AA2C-2D6CCCD8CE60}.Release|Any CPU.ActiveCfg = Release|Win32
		{DF627DB8-D93C-464D-AA2C-2D6CCCD8CE60}.Release|x64.ActiveCfg = Release|x64
		{DF627DB8-D93C-464D-AA2C-2D6CCCD8CE60}.Release|x64.Build.0 = Release|x64
		{DF627DB8-D93C-464D-AA2C-2D6CCCD8CE60}.Release|x86.ActiveCfg = Release|Win32
		{DF627DB8-D93C-464D-AA2C-2D6CCCD8CE60}.Release|x86.Build.0 = Release|Win32
		{BADBB82B-76B8-4CC0-A34D-8DF0B3E33296}.Debug|Any CPU.ActiveCfg = Debug|Win32
		{BADBB82B-76B8-4CC0-A34D-8DF0B3E33296}.Debug|x64.ActiveCfg = Debug|x64
		{BADBB82B-76B8-4CC0-A34D-8DF0B3E33296}.Debug|x64.Build.0 = Debug|x64
		{BADBB82B-76B8-4CC0-A34D-8DF0B3E33296}.Debug|x86.ActiveCfg = Debug|Win32
		{BADBB82B-76B8-4CC0-A34D-8DF0B3E33296}.Debug|x86.Build.0 = Debug|Win32
		{BADBB82B-76B8-4CC0-A34D-8DF0B3E33296}.Release|Any CPU.ActiveCfg = Release|Win32
		{BADBB82B-76B8-4CC0-A34D-8DF0B3E33296}.Release|x64.ActiveCfg = Release|x64
		{BADBB82B-76B8-4CC0-A34D-8DF0B3E33296}.Release|x64.Build.0 = Release|x64
		{BADBB82B-76B8-4CC0-A34D-8DF0B3E33296}.Release|x86.ActiveCfg = Release|Win32
		{BADBB82B-76B8-4CC0-A34D-8DF0B3E33296}.Release|x86.Build.0 = Release|Win32
		{4CCABF61-6D53-4F27-A25C-71D8CAAF2A40}.Debug|Any CPU.ActiveCfg = Debug|Win32
		{4CCABF61-6D53-4F27-A25C-71D8CAAF2A40}.Debug|x64.ActiveCfg = Debug|x64
		{4CCABF61-6D53-4F27-A25C-71D8CAAF2A40}.Debug|x64.Build.0 = Debug|x64
		{4CCABF61-6D53-4F27-A25C-71D8CAAF2A40}.Debug|x86.ActiveCfg = Debug|Win32
		{4CCABF61-6D53-4F27-A25C-71D8CAAF2A40}.Debug|x86.Build.0 = Debug|Win32
		{4CCABF61-6D53-4F27-A25C-71D8CAAF2A40}.Release|Any CPU.ActiveCfg = Release|Win32
		{4CCABF61-6D53-4F27-A25C-71D8CAAF2A40}.Release|x64.ActiveCfg = Release|x64
		{4CCABF61-6D53-4F27-A25C-71D8CAAF2A40}.Release|x64.Build.0 = Release|x64
		{4CCABF61-6D53-4F27-A25C-71D8CAAF2A40}.Release|x86.ActiveCfg = Release|Win32
		{4CCABF61-6D53-4F27-A25C-71D8CAAF2A40}.Release|x86.Build.0 = Release|Win32
		{B17B3ED1-49F5-4F26-B3B3-8961967A403A}.Debug|Any CPU.ActiveCfg = Debug|Win32
		{B17B3ED1-49F5-4F26-B3B3-8961967A403A}.Debug|x64.ActiveCfg = Debug|x64
		{B17B3ED1-49F5-4F26-B3B3-8961967A403A}.Debug|x64.Build.0 = Debug|x64
		{B17B3ED1-49F5-4F26-B3B3-8961967A403A}.Debug|x86.ActiveCfg = Debug|Win32
		{B17B3ED1-49F5-4F26-B3B3-8961967A403A}.Debug|x86.Build.0 = Debug|Win32
		{B17B3ED1-49F5-4F26-B3B3-8961967A403A}.Release|Any CPU.ActiveCfg = Release|Win32
		{B17B3ED1-49F5-4F26-B3B3-8961967A403A}.Release|x64.ActiveCfg = Release|x64
		{B17B3ED1-49F5-4F26-B3B3-8961967A403A}.Release|x64.Build.0 = Release|x64
		{B17B3ED1-49F5-4F26-B3B3-8961967A403A}.Release|x86.ActiveCfg = Release|Win32
		{B17B3ED1-49F5-4F26-B3B3-8961967A403A}.Release|x86.Build.0 = Release|Win32
		{A2418064-32D2-4B56-8FEA-AD38FF813EAC}.Debug|Any CPU.ActiveCfg = Debug|Win32
		{A2418064-32D2-4B56-8FEA-AD38FF813EAC}.Debug|x64.ActiveCfg = Debug|x64
		{A2418064-32D2-4B56-8FEA-AD38FF813EAC}.Debug|x64.Build.0 = Debug|x64
		{A2418064-32D2-4B56-8FEA-AD38FF813EAC}.Debug|x86.ActiveCfg = Debug|Win32
		{A2418064-32D2-4B56-8FEA-AD38FF813EAC}.Debug|x86.Build.0 = Debug|Win32
		{A2418064-32D2-4B56-8FEA-AD38FF813EAC}.Release|Any CPU.ActiveCfg = Release|Win32
		{A2418064-32D2-4B56-8FEA-AD38FF813EAC}.Release|x64.ActiveCfg = Release|x64
		{A2418064-32D2-4B56-8FEA-AD38FF813EAC}.Release|x64.Build.0 = Release|x64
		{A2418064-32D2-4B56-8FEA-AD38FF813EAC}.Release|x86.ActiveCfg = Release|Win32
		{A2418064-32D2-4B56-8FEA-AD38FF813EAC}.Release|x86.Build.0 = Release|Win32
		{17084680-397D-4E0A-89E3-E8258A86F2AF}.Debug|Any CPU.ActiveCfg = Debug|Win32
		{17084680-397D-4E0A-89E3-E8258A86F2AF}.Debug|x64.ActiveCfg = Debug|x64
		{17084680-397D-4E0A-89E3-E8258A86F2AF}.Debug|x64.Build.0 = Debug|x64
		{17084680-397D-4E0A-89E3-E8258A86F2AF}.Debug|x86.ActiveCfg = Debug|Win32
		{17084680-397D-4E0A-89E3-E8258A86F2AF}.Debug|x86.Build.0 = Debug|Win32
		{17084680-397D-4E0A-89E3-E8258A86F2AF}.Release|Any CPU.ActiveCfg = Release|Win32
		{17084680-397D-4E0A-89E3-E8258A86F2AF}.Release|x64.ActiveCfg = Release|x64
		{17084680-397D-4E0A-89E3-E8258A86F2AF}.Release|x64.Build.0 = Release|x64
		{17084680-397D-4E0A-89E3-E8258A86F2AF}.Release|x86.ActiveCfg = Release|Win32
		{17084680-397D-4E0A-89E3-E8258A86F2AF}.Release|x86.Build.0 = Release|Win32
		{4C0BC1ED-6CF7-47DA-9F79-49F256EA18F1}.Debug|Any CPU.ActiveCfg = Debug|Win32
		{4C0BC1ED-6CF7-47DA-9F79-49F256EA18F1}.Debug|x64.ActiveCfg = Debug|x64
		{4C0BC1ED-6CF7-47DA-9F79-49F256EA18F1}.Debug|x64.Build.0 = Debug|x64
		{4C0BC1ED-6CF7-47DA-9F79-49F256EA18F1}.Debug|x86.ActiveCfg = Debug|Win32
		{4C0BC1ED-6CF7-47DA-9F79-49F256EA18F1}.Debug|x86.Build.0 = Debug|Win32
		{4C0BC1ED-6CF7-47DA-9F79-49F256EA18F1}.Release|Any CPU.ActiveCfg = Release|Win32
		{4C0BC1ED-6CF7-47DA-9F79-49F256EA18F1}.Release|x64.ActiveCfg = Release|x64
		{4C0BC1ED-6CF7-47DA-9F79-49F256EA18F1}.Release|x64.Build.0 = Release|x64
		{4C0BC1ED-6CF7-47DA-9F79-49F256EA18F1}.Release|x86.ActiveCfg = Release|Win32
		{4C0BC1ED-6CF7-47DA-9F79-49F256EA18F1}.Release|x86.Build.0 = Release|Win32
		{5D62C8DA-2203-488A-B98A-5116EFA97E9F}.Debug|Any CPU.ActiveCfg = Debug|Win32
		{5D62C8DA-2203-488A-B98A-5116EFA97E9F}.Debug|x64.ActiveCfg = Debug|x64
		{5D62C8DA-2203-488A-B98A-5116EFA97E9F}.Debug|x64.Build.0 = Debug|x64
		{5D62C8DA-2203-488A-B98A-5116EFA97E9F}.Debug|x86.ActiveCfg = Debug|Win32
		{5D62C8DA-2203-488A-B98A-5116EFA97E9F}.Debug|x86.Build.0 = Debug|Win32
		{5D62C8DA-2203-488A-B98A-5116EFA97E9F}.Release|Any CPU.ActiveCfg = Release|Win32
		{5D62C8DA-2203-488A-B98A-5116EFA97E9F}.Release|x64.ActiveCfg = Release|x64
		{5D62C8DA-2203-488A-B98A-5116EFA97E9F}.Release|x64.Build.0 = Release|x64
		{5D62C8DA-2203-488A-B98A-5116EFA97E9F}.Release|x86.ActiveCfg = Release|Win32
		{5D62C8DA-2203-488A-B98A-5116EFA97E9F}.Release|x86.Build.0 = Release|Win32
		{45E33332-AF43-4110-A140-B2369F60DEB4}.Debug|Any CPU.ActiveCfg = Debug|Win32
		{45E33332-AF43-4110-A140-B2369F60DEB4}.Debug|x64.ActiveCfg = Debug|x64
		{45E33332-AF43-4110-A140-B2369F60DEB4}.Debug|x64.Build.0 = Debug|x64
		{45E33332-AF43-4110-A140-B2369F60DEB4}.Debug|x86.ActiveCfg = Debug|Win32
		{45E33332-AF43-4110-A140-B2369F60DEB4}.Debug|x86.Build.0 = Debug|Win32
		{45E33332-AF43-4110-A140-B2369F60DEB4}.Release|Any CPU.ActiveCfg = Release|Win32
		{45E33332-AF43-4110-A140-B2369F60DEB4}.Release|x64.ActiveCfg = Release|x64
		{45E33332-AF43-4110-A140-B2369F60DEB4}.Release|x64.Build.0 = Release|x64
		{45E33332-AF43-4110-A140-B2369F60DEB4}.Release|x86.ActiveCfg = Release|Win32
		{45E33332-AF43-4110-A140-B2369F60DEB4}.Release|x86.Build.0 = Release|Win32
		{15DA315B-4FE0-4204-AD39-01489F00140D}.Debug|Any CPU.ActiveCfg = Debug|Win32
		{15DA315B-4FE0-4204-AD39-01489F00140D}.Debug|x64.ActiveCfg = Debug|x64
		{15DA315B-4FE0-4204-AD39-01489F00140D}.Debug|x64.Build.0 = Debug|x64
		{15DA315B-4FE0-4204-AD39-01489F00140D}.Debug|x86.ActiveCfg = Debug|Win32
		{15DA315B-4FE0-4204-AD39-01489F00140D}.Debug|x86.Build.0 = Debug|Win32
		{15DA315B-4FE0-4204-AD39-01489F00140D}.Release|Any CPU.ActiveCfg = Release|Win32
		{15DA315B-4FE0-4204-AD39-01489F00140D}.Release|x64.ActiveCfg = Release|x64
		{15DA315B-4FE0-4204-AD39-01489F00140D}.Release|x64.Build.0 = Release|x64
		{15DA315B-4FE0-4204-AD39-01489F00140D}.Release|x86.ActiveCfg = Release|Win32
		{15DA315B-4FE0-4204-AD39-01489F00140D}.Release|x86.Build.0 = Release|Win32
		{5DF29463-EFCA-4261-98FB-F067C7572FCA}.Debug|Any CPU.ActiveCfg = Debug|Win32
		{5DF29463-EFCA-4261-98FB-F067C7572FCA}.Debug|x64.ActiveCfg = Debug|x64
		{5DF29463-EFCA-4261-98FB-F067C7572FCA}.Debug|x64.Build.0 = Debug|x64
		{5DF29463-EFCA-4261-98FB-F067C7572FCA}.Debug|x86.ActiveCfg = Debug|Win32
		{5DF29463-EFCA-4261-98FB-F067C7572FCA}.Debug|x86.Build.0 = Debug|Win32
		{5DF29463-EFCA-4261-98FB-F067C7572FCA}.Release|Any CPU.ActiveCfg = Release|Win32
		{5DF29463-EFCA-4261-98FB-F067C7572FCA}.Release|x64.ActiveCfg = Release|x64
		{5DF29463-EFCA-4261-98FB-F067C7572FCA}.Release|x64.Build.0 = Release|x64
		{5DF29463-EFCA-4261-98FB-F067C7572FCA}.Release|x86.ActiveCfg = Release|Win32
		{5DF29463-EFCA-4261-98FB-F067C7572FCA}.Release|x86.Build.0 = Release|Win32
		{15E0E897-460D-4D55-BBC2-6075757E4255}.Debug|Any CPU.ActiveCfg = Debug|Win32
		{15E0E897-460D-4D55-BBC2-6075757E4255}.Debug|x64.ActiveCfg = Debug|x64
		{15E0E897-460D-4D55-BBC2-6075757E4255}.Debug|x64.Build.0 = Debug|x64
		{15E0E897-460D-4D55-BBC2-6075757E4255}.Debug|x86.ActiveCfg = Debug|Win32
		{15E0E897-460D-4D55-BBC2-6075757E4255}.Debug|x86.Build.0 = Debug|Win32
		{15E0E897-460D-4D55-BBC2-6075757E4255}.Release|Any CPU.ActiveCfg = Release|Win32
		{15E0E897-460D-4D55-BBC2-6075757E4255}.Release|x64.ActiveCfg = Release|x64
		{15E0E897-460D-4D55-BBC2-6075757E4255}.Release|x64.Build.0 = Release|x64
		{15E0E897-460D-4D55-BBC2-6075757E4255}.Release|x86.ActiveCfg = Release|Win32
		{15E0E897-460D-4D55-BBC2-6075757E4255}.Release|x86.Build.0 = Release|Win32
		{6336DC7C-52BB-461A-9AC2-12987C89963D}.Debug|Any CPU.ActiveCfg = Debug|Win32
		{6336DC7C-52BB-461A-9AC2-12987C89963D}.Debug|x64.ActiveCfg = Debug|x64
		{6336DC7C-52BB-461A-9AC2-12987C89963D}.Debug|x64.Build.0 = Debug|x64
		{6336DC7C-52BB-461A-9AC2-12987C89963D}.Debug|x86.ActiveCfg = Debug|Win32
		{6336DC7C-52BB-461A-9AC2-12987C89963D}.Debug|x86.Build.0 = Debug|Win32
		{6336DC7C-52BB-461A-9AC2-12987C89963D}.Release|Any CPU.ActiveCfg = Release|Win32
		{6336DC7C-52BB-461A-9AC2-12987C89963D}.Release|x64.ActiveCfg = Release|x64
		{6336DC7C-52BB-461A-9AC2-12987C89963D}.Release|x64.Build.0 = Release|x64
		{6336DC7C-52BB-461A-9AC2-12987C89963D}.Release|x86.ActiveCfg = Release|Win32
		{6336DC7C-52BB-461A-9AC2-12987C89963D}.Release|x86.Build.0 = Release|Win32
		{8280303B-5E39-46FC-8A78-7862AA812236}.Debug|Any CPU.ActiveCfg = Debug|Win32
		{8280303B-5E39-46FC-8A78-7862AA812236}.Debug|x64.ActiveCfg = Debug|x64
		{8280303B-5E39-46FC-8A78-7862AA812236}.Debug|x64.Build.0 = Debug|x64
		{8280303B-5E39-46FC-8A78-7862AA812236}.Debug|x86.ActiveCfg = Debug|Win32
		{8280303B-5E39-46FC-8A78-7862AA812236}.Debug|x86.Build.0 = Debug|Win32
		{8280303B-5E39-46FC-8A78-7862AA812236}.Release|Any CPU.ActiveCfg = Release|Win32
		{8280303B-5E39-46FC-8A78-7862AA812236}.Release|x64.ActiveCfg = Release|x64
		{8280303B-5E39-46FC-8A78-7862AA812236}.Release|x64.Build.0 = Release|x64
		{8280303B-5E39-46FC-8A78-7862AA812236}.Release|x86.ActiveCfg = Release|Win32
		{8280303B-5E39-46FC-8A78-7862AA812236}.Release|x86.Build.0 = Release|Win32
		{29601F96-DF72-4218-BF9B-F9A0184710A1}.Debug|Any CPU.ActiveCfg = Debug|Win32
		{29601F96-DF72-4218-BF9B-F9A0184710A1}.Debug|x64.ActiveCfg = Debug|x64
		{29601F96-DF72-4218-BF9B-F9A0184710A1}.Debug|x64.Build.0 = Debug|x64
		{29601F96-DF72-4218-BF9B-F9A0184710A1}.Debug|x86.ActiveCfg = Debug|Win32
		{29601F96-DF72-4218-BF9B-F9A0184710A1}.Debug|x86.Build.0 = Debug|Win32
		{29601F96-DF72-4218-BF9B-F9A0184710A1}.Release|Any CPU.ActiveCfg = Release|Win32
		{29601F96-DF72-4218-BF9B-F9A0184710A1}.Release|x64.ActiveCfg = Release|x64
		{29601F96-DF72-4218-BF9B-F9A0184710A1}.Release|x64.Build.0 = Release|x64
		{29601F96-DF72-4218-BF9B-F9A0184710A1}.Release|x86.ActiveCfg = Release|Win32
		{29601F96-DF72-4218-BF9B-F9A0184710A1}.Release|x86.Build.0 = Release|Win32
	EndGlobalSection
	GlobalSection(SolutionProperties) = preSolution
		HideSolutionNode = FALSE
	EndGlobalSection
	GlobalSection(NestedProjects) = preSolution
		{FD8815F2-F3A8-4653-829D-468204D194BB} = {376367C0-85B6-4A95-812D-C2594B39CFDF}
		{5C40D8C5-9FE1-4F3A-A8B7-49E3E8307BAA} = {376367C0-85B6-4A95-812D-C2594B39CFDF}
		{09795B24-F102-406F-8442-1AAFD3120D73} = {376367C0-85B6-4A95-812D-C2594B39CFDF}
		{0F4BCDE3-FF71-45D5-95A9-F2095B382B9B} = {376367C0-85B6-4A95-812D-C2594B39CFDF}
		{73E0AEFC-9BDE-4409-A875-A08F6BF291DA} = {376367C0-85B6-4A95-812D-C2594B39CFDF}
		{03F8622F-1398-49E1-AC4F-DDCC81130EBE} = {376367C0-85B6-4A95-812D-C2594B39CFDF}
		{D01DFFE4-894C-4ECA-881C-7E54EFEFA3FC} = {376367C0-85B6-4A95-812D-C2594B39CFDF}
		{203A7484-E7DB-4F33-BA59-BA032E34B272} = {376367C0-85B6-4A95-812D-C2594B39CFDF}
		{CF29D3BC-C018-4968-BF59-B0034172782B} = {564F7A06-7A4C-4A42-9C23-21F83A6613C6}
		{C9141469-76DC-429E-AABB-EF06B90CEA13} = {564F7A06-7A4C-4A42-9C23-21F83A6613C6}
		{7E6648C8-772B-499E-A983-B6952A730B9C} = {564F7A06-7A4C-4A42-9C23-21F83A6613C6}
		{3855C225-407D-4C73-A558-423061443AD0} = {564F7A06-7A4C-4A42-9C23-21F83A6613C6}
		{C9F31E22-12CB-464A-B605-9B6F9D249B23} = {564F7A06-7A4C-4A42-9C23-21F83A6613C6}
		{959025D3-3DE4-4E75-BD5F-316F5F4371F5} = {564F7A06-7A4C-4A42-9C23-21F83A6613C6}
		{57AB99D4-FA46-44C1-9E9F-843509BD7EA4} = {91E63E80-3A04-4BEC-9DA3-8F084555E9CE}
		{DF627DB8-D93C-464D-AA2C-2D6CCCD8CE60} = {91E63E80-3A04-4BEC-9DA3-8F084555E9CE}
		{BADBB82B-76B8-4CC0-A34D-8DF0B3E33296} = {91E63E80-3A04-4BEC-9DA3-8F084555E9CE}
		{4CCABF61-6D53-4F27-A25C-71D8CAAF2A40} = {91E63E80-3A04-4BEC-9DA3-8F084555E9CE}
		{B17B3ED1-49F5-4F26-B3B3-8961967A403A} = {91E63E80-3A04-4BEC-9DA3-8F084555E9CE}
		{A2418064-32D2-4B56-8FEA-AD38FF813EAC} = {91E63E80-3A04-4BEC-9DA3-8F084555E9CE}
		{17084680-397D-4E0A-89E3-E8258A86F2AF} = {1D5D8087-1B60-46D8-B633-F46E02440FA3}
		{4C0BC1ED-6CF7-47DA-9F79-49F256EA18F1} = {1D5D8087-1B60-46D8-B633-F46E02440FA3}
		{5D62C8DA-2203-488A-B98A-5116EFA97E9F} = {1D5D8087-1B60-46D8-B633-F46E02440FA3}
		{45E33332-AF43-4110-A140-B2369F60DEB4} = {1D5D8087-1B60-46D8-B633-F46E02440FA3}
		{15DA315B-4FE0-4204-AD39-01489F00140D} = {1D5D8087-1B60-46D8-B633-F46E02440FA3}
		{5DF29463-EFCA-4261-98FB-F067C7572FCA} = {1D5D8087-1B60-46D8-B633-F46E02440FA3}
		{15E0E897-460D-4D55-BBC2-6075757E4255} = {1D5D8087-1B60-46D8-B633-F46E02440FA3}
		{6336DC7C-52BB-461A-9AC2-12987C89963D} = {1D5D8087-1B60-46D8-B633-F46E02440FA3}
		{8280303B-5E39-46FC-8A78-7862AA812236} = {1D5D8087-1B60-46D8-B633-F46E02440FA3}
		{29601F96-DF72-4218-BF9B-F9A0184710A1} = {1D5D8087-1B60-46D8-B633-F46E02440FA3}
	EndGlobalSection
	GlobalSection(ExtensibilityGlobals) = postSolution
		SolutionGuid = {0F1CA8BB-61A5-4437-AC4B-7E9AC41F87ED}
	EndGlobalSection
EndGlobal
