
Microsoft Visual Studio Solution File, Format Version 12.00
# Visual Studio Version 16
VisualStudioVersion = 16.0.30204.135
MinimumVisualStudioVersion = 10.0.40219.1
Project("{9A19103F-16F7-4668-BE54-9A1E7A4F7556}") = "Task_26", "Task_26\Task_26.csproj", "{F1785720-0F80-4CCA-B5A4-787604D70DF0}"
EndProject
Project("{9A19103F-16F7-4668-BE54-9A1E7A4F7556}") = "Task_06", "Task_06\Task_06.csproj", "{FE0AC494-A121-479A-944A-7A12FF5BE767}"
EndProject
Project("{9A19103F-16F7-4668-BE54-9A1E7A4F7556}") = "Task_03", "Task_03\Task_03.csproj", "{4B86FAD1-8D07-4FDD-AC06-6BF966A8EE64}"
EndProject
Project("{9A19103F-16F7-4668-BE54-9A1E7A4F7556}") = "Task_78", "Task_78\Task_78.csproj", "{AC2301D5-AEA9-4289-89E5-F210D9235A51}"
EndProject
Project("{9A19103F-16F7-4668-BE54-9A1E7A4F7556}") = "Task_69", "Task_69\Task_69.csproj", "{E2CB41CE-35FD-44B2-9846-73A6B66FC954}"
EndProject
Project("{9A19103F-16F7-4668-BE54-9A1E7A4F7556}") = "Task_67_2", "Task_67_2\Task_67_2.csproj", "{D9E568FE-C274-4525-87C2-C4082FF1C4A1}"
EndProject
Project("{9A19103F-16F7-4668-BE54-9A1E7A4F7556}") = "Task_67_1", "Task_67_1\Task_67_1.csproj", "{69714094-0340-4A8B-87FD-6EB9F3107FE1}"
EndProject
Project("{9A19103F-16F7-4668-BE54-9A1E7A4F7556}") = "Task_66_2", "Task_66_2\Task_66_2.csproj", "{CB8979BE-0CE9-49F3-AE5F-ADBC072469BB}"
EndProject
Project("{9A19103F-16F7-4668-BE54-9A1E7A4F7556}") = "Task_66_1", "Task_66_1\Task_66_1.csproj", "{93AC42F3-8662-44A0-A33E-45600390BDD7}"
EndProject
Project("{9A19103F-16F7-4668-BE54-9A1E7A4F7556}") = "Task_65", "Task_65\Task_65.csproj", "{6C6720DE-901A-4891-9D09-A46E9F78AAAE}"
EndProject
Project("{9A19103F-16F7-4668-BE54-9A1E7A4F7556}") = "Task_64", "Task_64\Task_64.csproj", "{DEC82BA5-A82A-4884-BD70-B01CACFDE486}"
EndProject
Project("{9A19103F-16F7-4668-BE54-9A1E7A4F7556}") = "Task_55", "Task_55\Task_55.csproj", "{C85C7006-AF47-4909-AB0E-E83CE3439074}"
EndProject
Project("{9A19103F-16F7-4668-BE54-9A1E7A4F7556}") = "Task_42", "Task_42\Task_42.csproj", "{DBF300B2-6A87-4A7C-9689-8918FB0AEC47}"
EndProject
Project("{9A19103F-16F7-4668-BE54-9A1E7A4F7556}") = "Task_30", "Task_30\Task_30.csproj", "{B60620F5-F386-40DE-B14D-98F279414BA0}"
EndProject
Project("{9A19103F-16F7-4668-BE54-9A1E7A4F7556}") = "Task_56", "Task_56\Task_56.csproj", "{70A8B7A4-F9C8-478B-8756-4E8753F93259}"
EndProject
Project("{8BC9CEB8-8B4A-11D0-8D11-00A0C91BC942}") = "Task_08", "Task_08\Task_08.vcxproj", "{9522DCD1-E153-4E69-85F4-50F94D12EEEA}"
EndProject
Project("{8BC9CEB8-8B4A-11D0-8D11-00A0C91BC942}") = "Task_20", "Task_20\Task_20.vcxproj", "{6C54B931-00D4-47A1-B587-C7DFBEB9CD85}"
EndProject
Project("{8BC9CEB8-8B4A-11D0-8D11-00A0C91BC942}") = "Task_38", "Task_38\Task_38.vcxproj", "{917DF1D5-8458-4BBD-B80A-200F0EE39634}"
EndProject
Project("{8BC9CEB8-8B4A-11D0-8D11-00A0C91BC942}") = "Task_72", "Task_72\Task_72.vcxproj", "{59301D28-B5BA-429E-BF00-282DB3885363}"
EndProject
Global
	GlobalSection(SolutionConfigurationPlatforms) = preSolution
		Debug|Any CPU = Debug|Any CPU
		Debug|x64 = Debug|x64
		Debug|x86 = Debug|x86
		Release|Any CPU = Release|Any CPU
		Release|x64 = Release|x64
		Release|x86 = Release|x86
	EndGlobalSection
	GlobalSection(ProjectConfigurationPlatforms) = postSolution
		{F1785720-0F80-4CCA-B5A4-787604D70DF0}.Debug|Any CPU.ActiveCfg = Debug|Any CPU
		{F1785720-0F80-4CCA-B5A4-787604D70DF0}.Debug|Any CPU.Build.0 = Debug|Any CPU
		{F1785720-0F80-4CCA-B5A4-787604D70DF0}.Debug|x64.ActiveCfg = Debug|Any CPU
		{F1785720-0F80-4CCA-B5A4-787604D70DF0}.Debug|x64.Build.0 = Debug|Any CPU
		{F1785720-0F80-4CCA-B5A4-787604D70DF0}.Debug|x86.ActiveCfg = Debug|Any CPU
		{F1785720-0F80-4CCA-B5A4-787604D70DF0}.Debug|x86.Build.0 = Debug|Any CPU
		{F1785720-0F80-4CCA-B5A4-787604D70DF0}.Release|Any CPU.ActiveCfg = Release|Any CPU
		{F1785720-0F80-4CCA-B5A4-787604D70DF0}.Release|Any CPU.Build.0 = Release|Any CPU
		{F1785720-0F80-4CCA-B5A4-787604D70DF0}.Release|x64.ActiveCfg = Release|Any CPU
		{F1785720-0F80-4CCA-B5A4-787604D70DF0}.Release|x64.Build.0 = Release|Any CPU
		{F1785720-0F80-4CCA-B5A4-787604D70DF0}.Release|x86.ActiveCfg = Release|Any CPU
		{F1785720-0F80-4CCA-B5A4-787604D70DF0}.Release|x86.Build.0 = Release|Any CPU
		{FE0AC494-A121-479A-944A-7A12FF5BE767}.Debug|Any CPU.ActiveCfg = Debug|Any CPU
		{FE0AC494-A121-479A-944A-7A12FF5BE767}.Debug|Any CPU.Build.0 = Debug|Any CPU
		{FE0AC494-A121-479A-944A-7A12FF5BE767}.Debug|x64.ActiveCfg = Debug|Any CPU
		{FE0AC494-A121-479A-944A-7A12FF5BE767}.Debug|x64.Build.0 = Debug|Any CPU
		{FE0AC494-A121-479A-944A-7A12FF5BE767}.Debug|x86.ActiveCfg = Debug|Any CPU
		{FE0AC494-A121-479A-944A-7A12FF5BE767}.Debug|x86.Build.0 = Debug|Any CPU
		{FE0AC494-A121-479A-944A-7A12FF5BE767}.Release|Any CPU.ActiveCfg = Release|Any CPU
		{FE0AC494-A121-479A-944A-7A12FF5BE767}.Release|Any CPU.Build.0 = Release|Any CPU
		{FE0AC494-A121-479A-944A-7A12FF5BE767}.Release|x64.ActiveCfg = Release|Any CPU
		{FE0AC494-A121-479A-944A-7A12FF5BE767}.Release|x64.Build.0 = Release|Any CPU
		{FE0AC494-A121-479A-944A-7A12FF5BE767}.Release|x86.ActiveCfg = Release|Any CPU
		{FE0AC494-A121-479A-944A-7A12FF5BE767}.Release|x86.Build.0 = Release|Any CPU
		{4B86FAD1-8D07-4FDD-AC06-6BF966A8EE64}.Debug|Any CPU.ActiveCfg = Debug|Any CPU
		{4B86FAD1-8D07-4FDD-AC06-6BF966A8EE64}.Debug|Any CPU.Build.0 = Debug|Any CPU
		{4B86FAD1-8D07-4FDD-AC06-6BF966A8EE64}.Debug|x64.ActiveCfg = Debug|Any CPU
		{4B86FAD1-8D07-4FDD-AC06-6BF966A8EE64}.Debug|x64.Build.0 = Debug|Any CPU
		{4B86FAD1-8D07-4FDD-AC06-6BF966A8EE64}.Debug|x86.ActiveCfg = Debug|Any CPU
		{4B86FAD1-8D07-4FDD-AC06-6BF966A8EE64}.Debug|x86.Build.0 = Debug|Any CPU
		{4B86FAD1-8D07-4FDD-AC06-6BF966A8EE64}.Release|Any CPU.ActiveCfg = Release|Any CPU
		{4B86FAD1-8D07-4FDD-AC06-6BF966A8EE64}.Release|Any CPU.Build.0 = Release|Any CPU
		{4B86FAD1-8D07-4FDD-AC06-6BF966A8EE64}.Release|x64.ActiveCfg = Release|Any CPU
		{4B86FAD1-8D07-4FDD-AC06-6BF966A8EE64}.Release|x64.Build.0 = Release|Any CPU
		{4B86FAD1-8D07-4FDD-AC06-6BF966A8EE64}.Release|x86.ActiveCfg = Release|Any CPU
		{4B86FAD1-8D07-4FDD-AC06-6BF966A8EE64}.Release|x86.Build.0 = Release|Any CPU
		{AC2301D5-AEA9-4289-89E5-F210D9235A51}.Debug|Any CPU.ActiveCfg = Debug|Any CPU
		{AC2301D5-AEA9-4289-89E5-F210D9235A51}.Debug|Any CPU.Build.0 = Debug|Any CPU
		{AC2301D5-AEA9-4289-89E5-F210D9235A51}.Debug|x64.ActiveCfg = Debug|Any CPU
		{AC2301D5-AEA9-4289-89E5-F210D9235A51}.Debug|x64.Build.0 = Debug|Any CPU
		{AC2301D5-AEA9-4289-89E5-F210D9235A51}.Debug|x86.ActiveCfg = Debug|Any CPU
		{AC2301D5-AEA9-4289-89E5-F210D9235A51}.Debug|x86.Build.0 = Debug|Any CPU
		{AC2301D5-AEA9-4289-89E5-F210D9235A51}.Release|Any CPU.ActiveCfg = Release|Any CPU
		{AC2301D5-AEA9-4289-89E5-F210D9235A51}.Release|Any CPU.Build.0 = Release|Any CPU
		{AC2301D5-AEA9-4289-89E5-F210D9235A51}.Release|x64.ActiveCfg = Release|Any CPU
		{AC2301D5-AEA9-4289-89E5-F210D9235A51}.Release|x64.Build.0 = Release|Any CPU
		{AC2301D5-AEA9-4289-89E5-F210D9235A51}.Release|x86.ActiveCfg = Release|Any CPU
		{AC2301D5-AEA9-4289-89E5-F210D9235A51}.Release|x86.Build.0 = Release|Any CPU
		{E2CB41CE-35FD-44B2-9846-73A6B66FC954}.Debug|Any CPU.ActiveCfg = Debug|Any CPU
		{E2CB41CE-35FD-44B2-9846-73A6B66FC954}.Debug|Any CPU.Build.0 = Debug|Any CPU
		{E2CB41CE-35FD-44B2-9846-73A6B66FC954}.Debug|x64.ActiveCfg = Debug|Any CPU
		{E2CB41CE-35FD-44B2-9846-73A6B66FC954}.Debug|x64.Build.0 = Debug|Any CPU
		{E2CB41CE-35FD-44B2-9846-73A6B66FC954}.Debug|x86.ActiveCfg = Debug|Any CPU
		{E2CB41CE-35FD-44B2-9846-73A6B66FC954}.Debug|x86.Build.0 = Debug|Any CPU
		{E2CB41CE-35FD-44B2-9846-73A6B66FC954}.Release|Any CPU.ActiveCfg = Release|Any CPU
		{E2CB41CE-35FD-44B2-9846-73A6B66FC954}.Release|Any CPU.Build.0 = Release|Any CPU
		{E2CB41CE-35FD-44B2-9846-73A6B66FC954}.Release|x64.ActiveCfg = Release|Any CPU
		{E2CB41CE-35FD-44B2-9846-73A6B66FC954}.Release|x64.Build.0 = Release|Any CPU
		{E2CB41CE-35FD-44B2-9846-73A6B66FC954}.Release|x86.ActiveCfg = Release|Any CPU
		{E2CB41CE-35FD-44B2-9846-73A6B66FC954}.Release|x86.Build.0 = Release|Any CPU
		{D9E568FE-C274-4525-87C2-C4082FF1C4A1}.Debug|Any CPU.ActiveCfg = Debug|Any CPU
		{D9E568FE-C274-4525-87C2-C4082FF1C4A1}.Debug|Any CPU.Build.0 = Debug|Any CPU
		{D9E568FE-C274-4525-87C2-C4082FF1C4A1}.Debug|x64.ActiveCfg = Debug|Any CPU
		{D9E568FE-C274-4525-87C2-C4082FF1C4A1}.Debug|x64.Build.0 = Debug|Any CPU
		{D9E568FE-C274-4525-87C2-C4082FF1C4A1}.Debug|x86.ActiveCfg = Debug|Any CPU
		{D9E568FE-C274-4525-87C2-C4082FF1C4A1}.Debug|x86.Build.0 = Debug|Any CPU
		{D9E568FE-C274-4525-87C2-C4082FF1C4A1}.Release|Any CPU.ActiveCfg = Release|Any CPU
		{D9E568FE-C274-4525-87C2-C4082FF1C4A1}.Release|Any CPU.Build.0 = Release|Any CPU
		{D9E568FE-C274-4525-87C2-C4082FF1C4A1}.Release|x64.ActiveCfg = Release|Any CPU
		{D9E568FE-C274-4525-87C2-C4082FF1C4A1}.Release|x64.Build.0 = Release|Any CPU
		{D9E568FE-C274-4525-87C2-C4082FF1C4A1}.Release|x86.ActiveCfg = Release|Any CPU
		{D9E568FE-C274-4525-87C2-C4082FF1C4A1}.Release|x86.Build.0 = Release|Any CPU
		{69714094-0340-4A8B-87FD-6EB9F3107FE1}.Debug|Any CPU.ActiveCfg = Debug|Any CPU
		{69714094-0340-4A8B-87FD-6EB9F3107FE1}.Debug|Any CPU.Build.0 = Debug|Any CPU
		{69714094-0340-4A8B-87FD-6EB9F3107FE1}.Debug|x64.ActiveCfg = Debug|Any CPU
		{69714094-0340-4A8B-87FD-6EB9F3107FE1}.Debug|x64.Build.0 = Debug|Any CPU
		{69714094-0340-4A8B-87FD-6EB9F3107FE1}.Debug|x86.ActiveCfg = Debug|Any CPU
		{69714094-0340-4A8B-87FD-6EB9F3107FE1}.Debug|x86.Build.0 = Debug|Any CPU
		{69714094-0340-4A8B-87FD-6EB9F3107FE1}.Release|Any CPU.ActiveCfg = Release|Any CPU
		{69714094-0340-4A8B-87FD-6EB9F3107FE1}.Release|Any CPU.Build.0 = Release|Any CPU
		{69714094-0340-4A8B-87FD-6EB9F3107FE1}.Release|x64.ActiveCfg = Release|Any CPU
		{69714094-0340-4A8B-87FD-6EB9F3107FE1}.Release|x64.Build.0 = Release|Any CPU
		{69714094-0340-4A8B-87FD-6EB9F3107FE1}.Release|x86.ActiveCfg = Release|Any CPU
		{69714094-0340-4A8B-87FD-6EB9F3107FE1}.Release|x86.Build.0 = Release|Any CPU
		{CB8979BE-0CE9-49F3-AE5F-ADBC072469BB}.Debug|Any CPU.ActiveCfg = Debug|Any CPU
		{CB8979BE-0CE9-49F3-AE5F-ADBC072469BB}.Debug|Any CPU.Build.0 = Debug|Any CPU
		{CB8979BE-0CE9-49F3-AE5F-ADBC072469BB}.Debug|x64.ActiveCfg = Debug|Any CPU
		{CB8979BE-0CE9-49F3-AE5F-ADBC072469BB}.Debug|x64.Build.0 = Debug|Any CPU
		{CB8979BE-0CE9-49F3-AE5F-ADBC072469BB}.Debug|x86.ActiveCfg = Debug|Any CPU
		{CB8979BE-0CE9-49F3-AE5F-ADBC072469BB}.Debug|x86.Build.0 = Debug|Any CPU
		{CB8979BE-0CE9-49F3-AE5F-ADBC072469BB}.Release|Any CPU.ActiveCfg = Release|Any CPU
		{CB8979BE-0CE9-49F3-AE5F-ADBC072469BB}.Release|Any CPU.Build.0 = Release|Any CPU
		{CB8979BE-0CE9-49F3-AE5F-ADBC072469BB}.Release|x64.ActiveCfg = Release|Any CPU
		{CB8979BE-0CE9-49F3-AE5F-ADBC072469BB}.Release|x64.Build.0 = Release|Any CPU
		{CB8979BE-0CE9-49F3-AE5F-ADBC072469BB}.Release|x86.ActiveCfg = Release|Any CPU
		{CB8979BE-0CE9-49F3-AE5F-ADBC072469BB}.Release|x86.Build.0 = Release|Any CPU
		{93AC42F3-8662-44A0-A33E-45600390BDD7}.Debug|Any CPU.ActiveCfg = Debug|Any CPU
		{93AC42F3-8662-44A0-A33E-45600390BDD7}.Debug|Any CPU.Build.0 = Debug|Any CPU
		{93AC42F3-8662-44A0-A33E-45600390BDD7}.Debug|x64.ActiveCfg = Debug|Any CPU
		{93AC42F3-8662-44A0-A33E-45600390BDD7}.Debug|x64.Build.0 = Debug|Any CPU
		{93AC42F3-8662-44A0-A33E-45600390BDD7}.Debug|x86.ActiveCfg = Debug|Any CPU
		{93AC42F3-8662-44A0-A33E-45600390BDD7}.Debug|x86.Build.0 = Debug|Any CPU
		{93AC42F3-8662-44A0-A33E-45600390BDD7}.Release|Any CPU.ActiveCfg = Release|Any CPU
		{93AC42F3-8662-44A0-A33E-45600390BDD7}.Release|Any CPU.Build.0 = Release|Any CPU
		{93AC42F3-8662-44A0-A33E-45600390BDD7}.Release|x64.ActiveCfg = Release|Any CPU
		{93AC42F3-8662-44A0-A33E-45600390BDD7}.Release|x64.Build.0 = Release|Any CPU
		{93AC42F3-8662-44A0-A33E-45600390BDD7}.Release|x86.ActiveCfg = Release|Any CPU
		{93AC42F3-8662-44A0-A33E-45600390BDD7}.Release|x86.Build.0 = Release|Any CPU
		{6C6720DE-901A-4891-9D09-A46E9F78AAAE}.Debug|Any CPU.ActiveCfg = Debug|Any CPU
		{6C6720DE-901A-4891-9D09-A46E9F78AAAE}.Debug|Any CPU.Build.0 = Debug|Any CPU
		{6C6720DE-901A-4891-9D09-A46E9F78AAAE}.Debug|x64.ActiveCfg = Debug|Any CPU
		{6C6720DE-901A-4891-9D09-A46E9F78AAAE}.Debug|x64.Build.0 = Debug|Any CPU
		{6C6720DE-901A-4891-9D09-A46E9F78AAAE}.Debug|x86.ActiveCfg = Debug|Any CPU
		{6C6720DE-901A-4891-9D09-A46E9F78AAAE}.Debug|x86.Build.0 = Debug|Any CPU
		{6C6720DE-901A-4891-9D09-A46E9F78AAAE}.Release|Any CPU.ActiveCfg = Release|Any CPU
		{6C6720DE-901A-4891-9D09-A46E9F78AAAE}.Release|Any CPU.Build.0 = Release|Any CPU
		{6C6720DE-901A-4891-9D09-A46E9F78AAAE}.Release|x64.ActiveCfg = Release|Any CPU
		{6C6720DE-901A-4891-9D09-A46E9F78AAAE}.Release|x64.Build.0 = Release|Any CPU
		{6C6720DE-901A-4891-9D09-A46E9F78AAAE}.Release|x86.ActiveCfg = Release|Any CPU
		{6C6720DE-901A-4891-9D09-A46E9F78AAAE}.Release|x86.Build.0 = Release|Any CPU
		{DEC82BA5-A82A-4884-BD70-B01CACFDE486}.Debug|Any CPU.ActiveCfg = Debug|Any CPU
		{DEC82BA5-A82A-4884-BD70-B01CACFDE486}.Debug|Any CPU.Build.0 = Debug|Any CPU
		{DEC82BA5-A82A-4884-BD70-B01CACFDE486}.Debug|x64.ActiveCfg = Debug|Any CPU
		{DEC82BA5-A82A-4884-BD70-B01CACFDE486}.Debug|x64.Build.0 = Debug|Any CPU
		{DEC82BA5-A82A-4884-BD70-B01CACFDE486}.Debug|x86.ActiveCfg = Debug|Any CPU
		{DEC82BA5-A82A-4884-BD70-B01CACFDE486}.Debug|x86.Build.0 = Debug|Any CPU
		{DEC82BA5-A82A-4884-BD70-B01CACFDE486}.Release|Any CPU.ActiveCfg = Release|Any CPU
		{DEC82BA5-A82A-4884-BD70-B01CACFDE486}.Release|Any CPU.Build.0 = Release|Any CPU
		{DEC82BA5-A82A-4884-BD70-B01CACFDE486}.Release|x64.ActiveCfg = Release|Any CPU
		{DEC82BA5-A82A-4884-BD70-B01CACFDE486}.Release|x64.Build.0 = Release|Any CPU
		{DEC82BA5-A82A-4884-BD70-B01CACFDE486}.Release|x86.ActiveCfg = Release|Any CPU
		{DEC82BA5-A82A-4884-BD70-B01CACFDE486}.Release|x86.Build.0 = Release|Any CPU
		{C85C7006-AF47-4909-AB0E-E83CE3439074}.Debug|Any CPU.ActiveCfg = Debug|Any CPU
		{C85C7006-AF47-4909-AB0E-E83CE3439074}.Debug|Any CPU.Build.0 = Debug|Any CPU
		{C85C7006-AF47-4909-AB0E-E83CE3439074}.Debug|x64.ActiveCfg = Debug|Any CPU
		{C85C7006-AF47-4909-AB0E-E83CE3439074}.Debug|x64.Build.0 = Debug|Any CPU
		{C85C7006-AF47-4909-AB0E-E83CE3439074}.Debug|x86.ActiveCfg = Debug|Any CPU
		{C85C7006-AF47-4909-AB0E-E83CE3439074}.Debug|x86.Build.0 = Debug|Any CPU
		{C85C7006-AF47-4909-AB0E-E83CE3439074}.Release|Any CPU.ActiveCfg = Release|Any CPU
		{C85C7006-AF47-4909-AB0E-E83CE3439074}.Release|Any CPU.Build.0 = Release|Any CPU
		{C85C7006-AF47-4909-AB0E-E83CE3439074}.Release|x64.ActiveCfg = Release|Any CPU
		{C85C7006-AF47-4909-AB0E-E83CE3439074}.Release|x64.Build.0 = Release|Any CPU
		{C85C7006-AF47-4909-AB0E-E83CE3439074}.Release|x86.ActiveCfg = Release|Any CPU
		{C85C7006-AF47-4909-AB0E-E83CE3439074}.Release|x86.Build.0 = Release|Any CPU
		{DBF300B2-6A87-4A7C-9689-8918FB0AEC47}.Debug|Any CPU.ActiveCfg = Debug|Any CPU
		{DBF300B2-6A87-4A7C-9689-8918FB0AEC47}.Debug|Any CPU.Build.0 = Debug|Any CPU
		{DBF300B2-6A87-4A7C-9689-8918FB0AEC47}.Debug|x64.ActiveCfg = Debug|Any CPU
		{DBF300B2-6A87-4A7C-9689-8918FB0AEC47}.Debug|x64.Build.0 = Debug|Any CPU
		{DBF300B2-6A87-4A7C-9689-8918FB0AEC47}.Debug|x86.ActiveCfg = Debug|Any CPU
		{DBF300B2-6A87-4A7C-9689-8918FB0AEC47}.Debug|x86.Build.0 = Debug|Any CPU
		{DBF300B2-6A87-4A7C-9689-8918FB0AEC47}.Release|Any CPU.ActiveCfg = Release|Any CPU
		{DBF300B2-6A87-4A7C-9689-8918FB0AEC47}.Release|Any CPU.Build.0 = Release|Any CPU
		{DBF300B2-6A87-4A7C-9689-8918FB0AEC47}.Release|x64.ActiveCfg = Release|Any CPU
		{DBF300B2-6A87-4A7C-9689-8918FB0AEC47}.Release|x64.Build.0 = Release|Any CPU
		{DBF300B2-6A87-4A7C-9689-8918FB0AEC47}.Release|x86.ActiveCfg = Release|Any CPU
		{DBF300B2-6A87-4A7C-9689-8918FB0AEC47}.Release|x86.Build.0 = Release|Any CPU
		{B60620F5-F386-40DE-B14D-98F279414BA0}.Debug|Any CPU.ActiveCfg = Debug|Any CPU
		{B60620F5-F386-40DE-B14D-98F279414BA0}.Debug|Any CPU.Build.0 = Debug|Any CPU
		{B60620F5-F386-40DE-B14D-98F279414BA0}.Debug|x64.ActiveCfg = Debug|Any CPU
		{B60620F5-F386-40DE-B14D-98F279414BA0}.Debug|x64.Build.0 = Debug|Any CPU
		{B60620F5-F386-40DE-B14D-98F279414BA0}.Debug|x86.ActiveCfg = Debug|Any CPU
		{B60620F5-F386-40DE-B14D-98F279414BA0}.Debug|x86.Build.0 = Debug|Any CPU
		{B60620F5-F386-40DE-B14D-98F279414BA0}.Release|Any CPU.ActiveCfg = Release|Any CPU
		{B60620F5-F386-40DE-B14D-98F279414BA0}.Release|Any CPU.Build.0 = Release|Any CPU
		{B60620F5-F386-40DE-B14D-98F279414BA0}.Release|x64.ActiveCfg = Release|Any CPU
		{B60620F5-F386-40DE-B14D-98F279414BA0}.Release|x64.Build.0 = Release|Any CPU
		{B60620F5-F386-40DE-B14D-98F279414BA0}.Release|x86.ActiveCfg = Release|Any CPU
		{B60620F5-F386-40DE-B14D-98F279414BA0}.Release|x86.Build.0 = Release|Any CPU
		{70A8B7A4-F9C8-478B-8756-4E8753F93259}.Debug|Any CPU.ActiveCfg = Debug|Any CPU
		{70A8B7A4-F9C8-478B-8756-4E8753F93259}.Debug|Any CPU.Build.0 = Debug|Any CPU
		{70A8B7A4-F9C8-478B-8756-4E8753F93259}.Debug|x64.ActiveCfg = Debug|Any CPU
		{70A8B7A4-F9C8-478B-8756-4E8753F93259}.Debug|x64.Build.0 = Debug|Any CPU
		{70A8B7A4-F9C8-478B-8756-4E8753F93259}.Debug|x86.ActiveCfg = Debug|Any CPU
		{70A8B7A4-F9C8-478B-8756-4E8753F93259}.Debug|x86.Build.0 = Debug|Any CPU
		{70A8B7A4-F9C8-478B-8756-4E8753F93259}.Release|Any CPU.ActiveCfg = Release|Any CPU
		{70A8B7A4-F9C8-478B-8756-4E8753F93259}.Release|Any CPU.Build.0 = Release|Any CPU
		{70A8B7A4-F9C8-478B-8756-4E8753F93259}.Release|x64.ActiveCfg = Release|Any CPU
		{70A8B7A4-F9C8-478B-8756-4E8753F93259}.Release|x64.Build.0 = Release|Any CPU
		{70A8B7A4-F9C8-478B-8756-4E8753F93259}.Release|x86.ActiveCfg = Release|Any CPU
		{70A8B7A4-F9C8-478B-8756-4E8753F93259}.Release|x86.Build.0 = Release|Any CPU
		{9522DCD1-E153-4E69-85F4-50F94D12EEEA}.Debug|Any CPU.ActiveCfg = Debug|Win32
		{9522DCD1-E153-4E69-85F4-50F94D12EEEA}.Debug|x64.ActiveCfg = Debug|x64
		{9522DCD1-E153-4E69-85F4-50F94D12EEEA}.Debug|x64.Build.0 = Debug|x64
		{9522DCD1-E153-4E69-85F4-50F94D12EEEA}.Debug|x86.ActiveCfg = Debug|Win32
		{9522DCD1-E153-4E69-85F4-50F94D12EEEA}.Debug|x86.Build.0 = Debug|Win32
		{9522DCD1-E153-4E69-85F4-50F94D12EEEA}.Release|Any CPU.ActiveCfg = Release|Win32
		{9522DCD1-E153-4E69-85F4-50F94D12EEEA}.Release|x64.ActiveCfg = Release|x64
		{9522DCD1-E153-4E69-85F4-50F94D12EEEA}.Release|x64.Build.0 = Release|x64
		{9522DCD1-E153-4E69-85F4-50F94D12EEEA}.Release|x86.ActiveCfg = Release|Win32
		{9522DCD1-E153-4E69-85F4-50F94D12EEEA}.Release|x86.Build.0 = Release|Win32
		{6C54B931-00D4-47A1-B587-C7DFBEB9CD85}.Debug|Any CPU.ActiveCfg = Debug|Win32
		{6C54B931-00D4-47A1-B587-C7DFBEB9CD85}.Debug|x64.ActiveCfg = Debug|x64
		{6C54B931-00D4-47A1-B587-C7DFBEB9CD85}.Debug|x64.Build.0 = Debug|x64
		{6C54B931-00D4-47A1-B587-C7DFBEB9CD85}.Debug|x86.ActiveCfg = Debug|Win32
		{6C54B931-00D4-47A1-B587-C7DFBEB9CD85}.Debug|x86.Build.0 = Debug|Win32
		{6C54B931-00D4-47A1-B587-C7DFBEB9CD85}.Release|Any CPU.ActiveCfg = Release|Win32
		{6C54B931-00D4-47A1-B587-C7DFBEB9CD85}.Release|x64.ActiveCfg = Release|x64
		{6C54B931-00D4-47A1-B587-C7DFBEB9CD85}.Release|x64.Build.0 = Release|x64
		{6C54B931-00D4-47A1-B587-C7DFBEB9CD85}.Release|x86.ActiveCfg = Release|Win32
		{6C54B931-00D4-47A1-B587-C7DFBEB9CD85}.Release|x86.Build.0 = Release|Win32
		{917DF1D5-8458-4BBD-B80A-200F0EE39634}.Debug|Any CPU.ActiveCfg = Debug|Win32
		{917DF1D5-8458-4BBD-B80A-200F0EE39634}.Debug|x64.ActiveCfg = Debug|x64
		{917DF1D5-8458-4BBD-B80A-200F0EE39634}.Debug|x64.Build.0 = Debug|x64
		{917DF1D5-8458-4BBD-B80A-200F0EE39634}.Debug|x86.ActiveCfg = Debug|Win32
		{917DF1D5-8458-4BBD-B80A-200F0EE39634}.Debug|x86.Build.0 = Debug|Win32
		{917DF1D5-8458-4BBD-B80A-200F0EE39634}.Release|Any CPU.ActiveCfg = Release|Win32
		{917DF1D5-8458-4BBD-B80A-200F0EE39634}.Release|x64.ActiveCfg = Release|x64
		{917DF1D5-8458-4BBD-B80A-200F0EE39634}.Release|x64.Build.0 = Release|x64
		{917DF1D5-8458-4BBD-B80A-200F0EE39634}.Release|x86.ActiveCfg = Release|Win32
		{917DF1D5-8458-4BBD-B80A-200F0EE39634}.Release|x86.Build.0 = Release|Win32
		{59301D28-B5BA-429E-BF00-282DB3885363}.Debug|Any CPU.ActiveCfg = Debug|Win32
		{59301D28-B5BA-429E-BF00-282DB3885363}.Debug|x64.ActiveCfg = Debug|x64
		{59301D28-B5BA-429E-BF00-282DB3885363}.Debug|x64.Build.0 = Debug|x64
		{59301D28-B5BA-429E-BF00-282DB3885363}.Debug|x86.ActiveCfg = Debug|Win32
		{59301D28-B5BA-429E-BF00-282DB3885363}.Debug|x86.Build.0 = Debug|Win32
		{59301D28-B5BA-429E-BF00-282DB3885363}.Release|Any CPU.ActiveCfg = Release|Win32
		{59301D28-B5BA-429E-BF00-282DB3885363}.Release|x64.ActiveCfg = Release|x64
		{59301D28-B5BA-429E-BF00-282DB3885363}.Release|x64.Build.0 = Release|x64
		{59301D28-B5BA-429E-BF00-282DB3885363}.Release|x86.ActiveCfg = Release|Win32
		{59301D28-B5BA-429E-BF00-282DB3885363}.Release|x86.Build.0 = Release|Win32
	EndGlobalSection
	GlobalSection(SolutionProperties) = preSolution
		HideSolutionNode = FALSE
	EndGlobalSection
	GlobalSection(ExtensibilityGlobals) = postSolution
		SolutionGuid = {EBE31974-CDFC-4AE5-9650-B54E052DFAA0}
	EndGlobalSection
EndGlobal
