<?xml version="1.0" encoding="utf-8"?>
<Project ToolsVersion="4.0" xmlns="http://schemas.microsoft.com/developer/msbuild/2003">
  <ItemGroup>
    <Filter Include="Source">
      <UniqueIdentifier>{4FC737F1-C7A5-4376-A066-2A32D752A2FF}</UniqueIdentifier>
      <Extensions>cpp;c;cc;cxx;def;odl;idl;hpj;bat;asm;asmx</Extensions>
    </Filter>
    <Filter Include="Task">
      <UniqueIdentifier>{32ea4036-30e9-4a14-8280-c50d4654816a}</UniqueIdentifier>
    </Filter>
    <Filter Include="Files">
      <UniqueIdentifier>{48c31414-21e6-4264-a5dc-6e738b4c6da7}</UniqueIdentifier>
    </Filter>
  </ItemGroup>
  <ItemGroup>
    <ClCompile Include="Source.cpp">
      <Filter>Source</Filter>
    </ClCompile>
  </ItemGroup>
  <ItemGroup>
    <Image Include="Task.PNG">
      <Filter>Task</Filter>
    </Image>
  </ItemGroup>
  <ItemGroup>
    <None Include="minpath.in">
      <Filter>Files</Filter>
    </None>
    <None Include="minpath.out">
      <Filter>Files</Filter>
    </None>
  </ItemGroup>
</Project>