<?xml version="1.0" encoding="utf-8"?>
<Project ToolsVersion="4.0" xmlns="http://schemas.microsoft.com/developer/msbuild/2003">
  <ItemGroup>
    <Filter Include="Header Files">
      <UniqueIdentifier>{93995380-89BD-4b04-88EB-625FBE52EBFB}</UniqueIdentifier>
      <Extensions>h;hh;hpp;hxx;hm;inl;inc;ipp;xsd</Extensions>
    </Filter>
    <Filter Include="Source">
      <UniqueIdentifier>{dc2206bc-9cc9-44ee-ae01-ecfaca75af70}</UniqueIdentifier>
    </Filter>
  </ItemGroup>
  <ItemGroup>
    <ClCompile Include="DeviceEx.cpp">
      <Filter>Source</Filter>
    </ClCompile>
    <ClCompile Include="KernelEx.cpp">
      <Filter>Source</Filter>
    </ClCompile>
    <ClCompile Include="Main.cpp">
      <Filter>Source</Filter>
    </ClCompile>
    <ClCompile Include="PlarformEx.cpp">
      <Filter>Source</Filter>
    </ClCompile>
  </ItemGroup>
  <ItemGroup>
    <ClInclude Include="OpenCL.h">
      <Filter>Header Files</Filter>
    </ClInclude>
    <ClInclude Include="DeviceEx.h">
      <Filter>Header Files</Filter>
    </ClInclude>
    <ClInclude Include="PlarformEx.h">
      <Filter>Header Files</Filter>
    </ClInclude>
    <ClInclude Include="KernelEx.h">
      <Filter>Header Files</Filter>
    </ClInclude>
  </ItemGroup>
</Project>